Microsoft Visual Studio Solution File, Format Version 12.00
# Visual Studio Version 16
VisualStudioVersion = 16.0.29911.84
MinimumVisualStudioVersion = 10.0.40219.1
Project("{FAE04EC0-301F-11D3-BF4B-00C04F79EFBC}") = "bolnica", "bolnica.csproj", "{687C36BC-852F-46BE-9095-77CC66EFE752}"
EndProject
Global
	GlobalSection(SolutionConfigurationPlatforms) = preSolution
		Debug|Any CPU = Debug|Any CPU
		Release|Any CPU = Release|Any CPU
	EndGlobalSection
	GlobalSection(ProjectConfigurationPlatforms) = postSolution
		{687C36BC-852F-46BE-9095-77CC66EFE752}.Debug|Any CPU.ActiveCfg = Debug|Any CPU
		{687C36BC-852F-46BE-9095-77CC66EFE752}.Debug|Any CPU.Build.0 = Debug|Any CPU
		{687C36BC-852F-46BE-9095-77CC66EFE752}.Release|Any CPU.ActiveCfg = Release|Any CPU
		{687C36BC-852F-46BE-9095-77CC66EFE752}.Release|Any CPU.Build.0 = Release|Any CPU
	EndGlobalSection
	GlobalSection(SolutionProperties) = preSolution
		HideSolutionNode = FALSE
	EndGlobalSection
	GlobalSection(ExtensibilityGlobals) = postSolution
		SolutionGuid = {3C4F9C7A-0275-4022-9B4A-479715E55120}
	EndGlobalSection
EndGlobal
