
Microsoft Visual Studio Solution File, Format Version 12.00
# Visual Studio Version 16
VisualStudioVersion = 16.0.29920.165
MinimumVisualStudioVersion = 10.0.40219.1
Project("{FAE04EC0-301F-11D3-BF4B-00C04F79EFBC}") = "PacijentBolnicaZdravo", "PacijentBolnicaZdravo.csproj", "{B3213AF1-E06D-4538-809D-32C978333328}"
EndProject
Project("{FAE04EC0-301F-11D3-BF4B-00C04F79EFBC}") = "bolnica", "..\code\bolnica.csproj", "{687C36BC-852F-46BE-9095-77CC66EFE752}"
EndProject
Global
	GlobalSection(SolutionConfigurationPlatforms) = preSolution
		Debug|Any CPU = Debug|Any CPU
		Debug|x64 = Debug|x64
		Debug|x86 = Debug|x86
		Release|Any CPU = Release|Any CPU
		Release|x64 = Release|x64
		Release|x86 = Release|x86
	EndGlobalSection
	GlobalSection(ProjectConfigurationPlatforms) = postSolution
		{B3213AF1-E06D-4538-809D-32C978333328}.Debug|Any CPU.ActiveCfg = Debug|Any CPU
		{B3213AF1-E06D-4538-809D-32C978333328}.Debug|Any CPU.Build.0 = Debug|Any CPU
		{B3213AF1-E06D-4538-809D-32C978333328}.Debug|x64.ActiveCfg = Debug|x64
		{B3213AF1-E06D-4538-809D-32C978333328}.Debug|x64.Build.0 = Debug|x64
		{B3213AF1-E06D-4538-809D-32C978333328}.Debug|x86.ActiveCfg = Debug|x86
		{B3213AF1-E06D-4538-809D-32C978333328}.Debug|x86.Build.0 = Debug|x86
		{B3213AF1-E06D-4538-809D-32C978333328}.Release|Any CPU.ActiveCfg = Release|Any CPU
		{B3213AF1-E06D-4538-809D-32C978333328}.Release|Any CPU.Build.0 = Release|Any CPU
		{B3213AF1-E06D-4538-809D-32C978333328}.Release|x64.ActiveCfg = Release|x64
		{B3213AF1-E06D-4538-809D-32C978333328}.Release|x64.Build.0 = Release|x64
		{B3213AF1-E06D-4538-809D-32C978333328}.Release|x86.ActiveCfg = Release|x86
		{B3213AF1-E06D-4538-809D-32C978333328}.Release|x86.Build.0 = Release|x86
		{687C36BC-852F-46BE-9095-77CC66EFE752}.Debug|Any CPU.ActiveCfg = Debug|Any CPU
		{687C36BC-852F-46BE-9095-77CC66EFE752}.Debug|Any CPU.Build.0 = Debug|Any CPU
		{687C36BC-852F-46BE-9095-77CC66EFE752}.Debug|x64.ActiveCfg = Debug|Any CPU
		{687C36BC-852F-46BE-9095-77CC66EFE752}.Debug|x64.Build.0 = Debug|Any CPU
		{687C36BC-852F-46BE-9095-77CC66EFE752}.Debug|x86.ActiveCfg = Debug|Any CPU
		{687C36BC-852F-46BE-9095-77CC66EFE752}.Debug|x86.Build.0 = Debug|Any CPU
		{687C36BC-852F-46BE-9095-77CC66EFE752}.Release|Any CPU.ActiveCfg = Release|Any CPU
		{687C36BC-852F-46BE-9095-77CC66EFE752}.Release|Any CPU.Build.0 = Release|Any CPU
		{687C36BC-852F-46BE-9095-77CC66EFE752}.Release|x64.ActiveCfg = Release|Any CPU
		{687C36BC-852F-46BE-9095-77CC66EFE752}.Release|x64.Build.0 = Release|Any CPU
		{687C36BC-852F-46BE-9095-77CC66EFE752}.Release|x86.ActiveCfg = Release|Any CPU
		{687C36BC-852F-46BE-9095-77CC66EFE752}.Release|x86.Build.0 = Release|Any CPU
	EndGlobalSection
	GlobalSection(SolutionProperties) = preSolution
		HideSolutionNode = FALSE
	EndGlobalSection
	GlobalSection(ExtensibilityGlobals) = postSolution
		SolutionGuid = {E5E96A86-900C-4052-B0BE-550F41F2D08E}
	EndGlobalSection
EndGlobal
